
Microsoft Visual Studio Solution File, Format Version 12.00
# Visual Studio Version 17
VisualStudioVersion = 17.0.31903.59
MinimumVisualStudioVersion = 10.0.40219.1
Project("{2150E333-8FDC-42A3-9474-1A3956D46DE8}") = "src", "src", "{AD7158BE-5627-4C25-B595-DA46724BAD94}"
EndProject
Project("{FAE04EC0-301F-11D3-BF4B-00C04F79EFBC}") = "LP.Core", "src\LP.Core\LP.Core.csproj", "{AE0A6280-2FB8-4571-B5EC-8A2AAA6C7423}"
EndProject
Project("{FAE04EC0-301F-11D3-BF4B-00C04F79EFBC}") = "LP.Tests", "src\LP.Tests\LP.Tests.csproj", "{A53A7222-ACED-4E77-9C29-90D68786FDC4}"
EndProject
Global
	GlobalSection(SolutionConfigurationPlatforms) = preSolution
		Debug|Any CPU = Debug|Any CPU
		Release|Any CPU = Release|Any CPU
	EndGlobalSection
	GlobalSection(SolutionProperties) = preSolution
		HideSolutionNode = FALSE
	EndGlobalSection
	GlobalSection(ProjectConfigurationPlatforms) = postSolution
		{AE0A6280-2FB8-4571-B5EC-8A2AAA6C7423}.Debug|Any CPU.ActiveCfg = Debug|Any CPU
		{AE0A6280-2FB8-4571-B5EC-8A2AAA6C7423}.Debug|Any CPU.Build.0 = Debug|Any CPU
		{AE0A6280-2FB8-4571-B5EC-8A2AAA6C7423}.Release|Any CPU.ActiveCfg = Release|Any CPU
		{AE0A6280-2FB8-4571-B5EC-8A2AAA6C7423}.Release|Any CPU.Build.0 = Release|Any CPU
		{A53A7222-ACED-4E77-9C29-90D68786FDC4}.Debug|Any CPU.ActiveCfg = Debug|Any CPU
		{A53A7222-ACED-4E77-9C29-90D68786FDC4}.Debug|Any CPU.Build.0 = Debug|Any CPU
		{A53A7222-ACED-4E77-9C29-90D68786FDC4}.Release|Any CPU.ActiveCfg = Release|Any CPU
		{A53A7222-ACED-4E77-9C29-90D68786FDC4}.Release|Any CPU.Build.0 = Release|Any CPU
	EndGlobalSection
	GlobalSection(NestedProjects) = preSolution
		{AE0A6280-2FB8-4571-B5EC-8A2AAA6C7423} = {AD7158BE-5627-4C25-B595-DA46724BAD94}
		{A53A7222-ACED-4E77-9C29-90D68786FDC4} = {AD7158BE-5627-4C25-B595-DA46724BAD94}
	EndGlobalSection
EndGlobal
