
Microsoft Visual Studio Solution File, Format Version 12.00
# Visual Studio Version 17
VisualStudioVersion = 17.0.31903.59
MinimumVisualStudioVersion = 10.0.40219.1
Project("{2150E333-8FDC-42A3-9474-1A3956D46DE8}") = "src", "src", "{D6F6A917-F9E6-4B1C-8153-E27AD2B82568}"
EndProject
Project("{FAE04EC0-301F-11D3-BF4B-00C04F79EFBC}") = "LP.Core", "src\LP.Core\LP.Core.csproj", "{C3683BFC-C61B-428B-80D9-6F9B48D658EE}"
EndProject
Project("{FAE04EC0-301F-11D3-BF4B-00C04F79EFBC}") = "LP.Tests", "src\LP.Tests\LP.Tests.csproj", "{6D0B3C08-2C54-4DBA-8FF8-0577944AFAB6}"
EndProject
Global
	GlobalSection(SolutionConfigurationPlatforms) = preSolution
		Debug|Any CPU = Debug|Any CPU
		Release|Any CPU = Release|Any CPU
	EndGlobalSection
	GlobalSection(SolutionProperties) = preSolution
		HideSolutionNode = FALSE
	EndGlobalSection
	GlobalSection(ProjectConfigurationPlatforms) = postSolution
		{C3683BFC-C61B-428B-80D9-6F9B48D658EE}.Debug|Any CPU.ActiveCfg = Debug|Any CPU
		{C3683BFC-C61B-428B-80D9-6F9B48D658EE}.Debug|Any CPU.Build.0 = Debug|Any CPU
		{C3683BFC-C61B-428B-80D9-6F9B48D658EE}.Release|Any CPU.ActiveCfg = Release|Any CPU
		{C3683BFC-C61B-428B-80D9-6F9B48D658EE}.Release|Any CPU.Build.0 = Release|Any CPU
		{6D0B3C08-2C54-4DBA-8FF8-0577944AFAB6}.Debug|Any CPU.ActiveCfg = Debug|Any CPU
		{6D0B3C08-2C54-4DBA-8FF8-0577944AFAB6}.Debug|Any CPU.Build.0 = Debug|Any CPU
		{6D0B3C08-2C54-4DBA-8FF8-0577944AFAB6}.Release|Any CPU.ActiveCfg = Release|Any CPU
		{6D0B3C08-2C54-4DBA-8FF8-0577944AFAB6}.Release|Any CPU.Build.0 = Release|Any CPU
	EndGlobalSection
	GlobalSection(NestedProjects) = preSolution
		{C3683BFC-C61B-428B-80D9-6F9B48D658EE} = {D6F6A917-F9E6-4B1C-8153-E27AD2B82568}
		{6D0B3C08-2C54-4DBA-8FF8-0577944AFAB6} = {D6F6A917-F9E6-4B1C-8153-E27AD2B82568}
	EndGlobalSection
EndGlobal
