
Microsoft Visual Studio Solution File, Format Version 12.00
# Visual Studio Version 17
VisualStudioVersion = 17.0.31903.59
MinimumVisualStudioVersion = 10.0.40219.1
Project("{2150E333-8FDC-42A3-9474-1A3956D46DE8}") = "src", "src", "{02D6DDEE-954F-4D28-8DAB-7AE57F6E7C93}"
EndProject
Project("{FAE04EC0-301F-11D3-BF4B-00C04F79EFBC}") = "LP.Core", "src\LP.Core\LP.Core.csproj", "{DFB3186E-2B4C-4566-89E7-ABDE92CEC95A}"
EndProject
Project("{FAE04EC0-301F-11D3-BF4B-00C04F79EFBC}") = "LP.Tests", "src\LP.Tests\LP.Tests.csproj", "{E55B08DD-6DE3-4D38-A351-96AF8B3E34B9}"
EndProject
Global
	GlobalSection(SolutionConfigurationPlatforms) = preSolution
		Debug|Any CPU = Debug|Any CPU
		Release|Any CPU = Release|Any CPU
	EndGlobalSection
	GlobalSection(SolutionProperties) = preSolution
		HideSolutionNode = FALSE
	EndGlobalSection
	GlobalSection(ProjectConfigurationPlatforms) = postSolution
		{DFB3186E-2B4C-4566-89E7-ABDE92CEC95A}.Debug|Any CPU.ActiveCfg = Debug|Any CPU
		{DFB3186E-2B4C-4566-89E7-ABDE92CEC95A}.Debug|Any CPU.Build.0 = Debug|Any CPU
		{DFB3186E-2B4C-4566-89E7-ABDE92CEC95A}.Release|Any CPU.ActiveCfg = Release|Any CPU
		{DFB3186E-2B4C-4566-89E7-ABDE92CEC95A}.Release|Any CPU.Build.0 = Release|Any CPU
		{E55B08DD-6DE3-4D38-A351-96AF8B3E34B9}.Debug|Any CPU.ActiveCfg = Debug|Any CPU
		{E55B08DD-6DE3-4D38-A351-96AF8B3E34B9}.Debug|Any CPU.Build.0 = Debug|Any CPU
		{E55B08DD-6DE3-4D38-A351-96AF8B3E34B9}.Release|Any CPU.ActiveCfg = Release|Any CPU
		{E55B08DD-6DE3-4D38-A351-96AF8B3E34B9}.Release|Any CPU.Build.0 = Release|Any CPU
	EndGlobalSection
	GlobalSection(NestedProjects) = preSolution
		{DFB3186E-2B4C-4566-89E7-ABDE92CEC95A} = {02D6DDEE-954F-4D28-8DAB-7AE57F6E7C93}
		{E55B08DD-6DE3-4D38-A351-96AF8B3E34B9} = {02D6DDEE-954F-4D28-8DAB-7AE57F6E7C93}
	EndGlobalSection
EndGlobal
